
Microsoft Visual Studio Solution File, Format Version 12.00
# Visual Studio 15
VisualStudioVersion = 15.0.27428.2043
MinimumVisualStudioVersion = 10.0.40219.1
Project("{FAE04EC0-301F-11D3-BF4B-00C04F79EFBC}") = "MQ", "MQ\MQ.csproj", "{464C27D9-8CED-4ECA-BA49-1019A48C6F39}"
EndProject
Project("{FAE04EC0-301F-11D3-BF4B-00C04F79EFBC}") = "S3", "S3\S3.csproj", "{3E404F12-7FF8-4E8F-B50E-AE2BE7ECD653}"
EndProject
Project("{FAE04EC0-301F-11D3-BF4B-00C04F79EFBC}") = "WebApp", "WebApp\WebApp.csproj", "{57D51B33-0DE1-4D80-84B7-606F27AB7D9E}"
EndProject
Project("{FAE04EC0-301F-11D3-BF4B-00C04F79EFBC}") = "FileSystemService", "FileSystemService\FileSystemService.csproj", "{19497C75-CEEF-4358-882A-6EE902837ED2}"
EndProject
Global
	GlobalSection(SolutionConfigurationPlatforms) = preSolution
		Debug|Any CPU = Debug|Any CPU
		Release|Any CPU = Release|Any CPU
	EndGlobalSection
	GlobalSection(ProjectConfigurationPlatforms) = postSolution
		{464C27D9-8CED-4ECA-BA49-1019A48C6F39}.Debug|Any CPU.ActiveCfg = Debug|Any CPU
		{464C27D9-8CED-4ECA-BA49-1019A48C6F39}.Debug|Any CPU.Build.0 = Debug|Any CPU
		{464C27D9-8CED-4ECA-BA49-1019A48C6F39}.Release|Any CPU.ActiveCfg = Release|Any CPU
		{464C27D9-8CED-4ECA-BA49-1019A48C6F39}.Release|Any CPU.Build.0 = Release|Any CPU
		{3E404F12-7FF8-4E8F-B50E-AE2BE7ECD653}.Debug|Any CPU.ActiveCfg = Debug|Any CPU
		{3E404F12-7FF8-4E8F-B50E-AE2BE7ECD653}.Debug|Any CPU.Build.0 = Debug|Any CPU
		{3E404F12-7FF8-4E8F-B50E-AE2BE7ECD653}.Release|Any CPU.ActiveCfg = Release|Any CPU
		{3E404F12-7FF8-4E8F-B50E-AE2BE7ECD653}.Release|Any CPU.Build.0 = Release|Any CPU
		{57D51B33-0DE1-4D80-84B7-606F27AB7D9E}.Debug|Any CPU.ActiveCfg = Debug|Any CPU
		{57D51B33-0DE1-4D80-84B7-606F27AB7D9E}.Debug|Any CPU.Build.0 = Debug|Any CPU
		{57D51B33-0DE1-4D80-84B7-606F27AB7D9E}.Release|Any CPU.ActiveCfg = Release|Any CPU
		{57D51B33-0DE1-4D80-84B7-606F27AB7D9E}.Release|Any CPU.Build.0 = Release|Any CPU
		{19497C75-CEEF-4358-882A-6EE902837ED2}.Debug|Any CPU.ActiveCfg = Debug|Any CPU
		{19497C75-CEEF-4358-882A-6EE902837ED2}.Debug|Any CPU.Build.0 = Debug|Any CPU
		{19497C75-CEEF-4358-882A-6EE902837ED2}.Release|Any CPU.ActiveCfg = Release|Any CPU
		{19497C75-CEEF-4358-882A-6EE902837ED2}.Release|Any CPU.Build.0 = Release|Any CPU
	EndGlobalSection
	GlobalSection(SolutionProperties) = preSolution
		HideSolutionNode = FALSE
	EndGlobalSection
	GlobalSection(ExtensibilityGlobals) = postSolution
		SolutionGuid = {FAF7084C-4772-4E0F-972F-30B8A8CA97B4}
	EndGlobalSection
EndGlobal
